
Microsoft Visual Studio Solution File, Format Version 12.00
# Visual Studio Version 17
VisualStudioVersion = 17.5.33516.290
MinimumVisualStudioVersion = 10.0.40219.1
Project("{FAE04EC0-301F-11D3-BF4B-00C04F79EFBC}") = "JenkinPipe_ConsoleApp3", "JenkinPipe_ConsoleApp3.csproj", "{7DFF8854-4611-4F44-82FC-72E8DFF62D8C}"
EndProject
Global
	GlobalSection(SolutionConfigurationPlatforms) = preSolution
		Debug|Any CPU = Debug|Any CPU
		Release|Any CPU = Release|Any CPU
	EndGlobalSection
	GlobalSection(ProjectConfigurationPlatforms) = postSolution
		{7DFF8854-4611-4F44-82FC-72E8DFF62D8C}.Debug|Any CPU.ActiveCfg = Debug|Any CPU
		{7DFF8854-4611-4F44-82FC-72E8DFF62D8C}.Debug|Any CPU.Build.0 = Debug|Any CPU
		{7DFF8854-4611-4F44-82FC-72E8DFF62D8C}.Release|Any CPU.ActiveCfg = Release|Any CPU
		{7DFF8854-4611-4F44-82FC-72E8DFF62D8C}.Release|Any CPU.Build.0 = Release|Any CPU
	EndGlobalSection
	GlobalSection(SolutionProperties) = preSolution
		HideSolutionNode = FALSE
	EndGlobalSection
	GlobalSection(ExtensibilityGlobals) = postSolution
		SolutionGuid = {4780AB48-2B9E-442D-8D45-2A6AD771F93D}
	EndGlobalSection
EndGlobal
